id: gameclock
name: Gameclock
website: https://github.com/Didiloy/GameClock
repository: https://github.com/Didiloy/GameClock
aur:
- gameclock-bin
additionalAUR:
- gameclock-git
electron: 29.4.6
method: which-electron-rg
latest: v2.7.0
src: https://github.com/Didiloy/GameClock/archive/refs/tags/v2.7.0.zip
downloads:
- name: GameClock-2.7.0-setup.exe
  url: https://github.com/Didiloy/GameClock/releases/download/v2.7.0/GameClock-2.7.0-setup.exe
- name: GameClock-2.7.0.AppImage
  url: https://github.com/Didiloy/GameClock/releases/download/v2.7.0/GameClock-2.7.0.AppImage
evidence:
  kind: binary
  source: https://github.com/Didiloy/GameClock/releases/download/v2.7.0/GameClock-2.7.0.AppImage
  found_in: GameClock-2.7.0.AppImage
  signal: which-electron rg signal
aur_votes: 1
last_commit: '2026-04-14'
aur_downloads:
- url: https://github.com/Didiloy/GameClock/releases/download/v2.7.0/GameClock-2.7.0.AppImage
  name: GameClock-2.7.0.AppImage
  arch: any
  source: aur-bin
